
Microsoft Visual Studio Solution File, Format Version 12.00
# Visual Studio 15
VisualStudioVersion = 15.0.27004.2009
MinimumVisualStudioVersion = 10.0.40219.1
Project("{9A19103F-16F7-4668-BE54-9A1E7A4F7556}") = "RxSocket", "RxSocket\RxSocket.csproj", "{A0A416FE-9BF3-44A9-8981-59F95B9C7E53}"
EndProject
Project("{FAE04EC0-301F-11D3-BF4B-00C04F79EFBC}") = "RxSocket.Tests", "RxSocket.Tests\RxSocket.Tests.csproj", "{4421BCB2-8579-4574-B4AD-A10EF3721BB0}"
EndProject
Global
	GlobalSection(SolutionConfigurationPlatforms) = preSolution
		Debug|Any CPU = Debug|Any CPU
		Release|Any CPU = Release|Any CPU
	EndGlobalSection
	GlobalSection(ProjectConfigurationPlatforms) = postSolution
		{A0A416FE-9BF3-44A9-8981-59F95B9C7E53}.Debug|Any CPU.ActiveCfg = Debug|Any CPU
		{A0A416FE-9BF3-44A9-8981-59F95B9C7E53}.Debug|Any CPU.Build.0 = Debug|Any CPU
		{A0A416FE-9BF3-44A9-8981-59F95B9C7E53}.Release|Any CPU.ActiveCfg = Release|Any CPU
		{A0A416FE-9BF3-44A9-8981-59F95B9C7E53}.Release|Any CPU.Build.0 = Release|Any CPU
		{4421BCB2-8579-4574-B4AD-A10EF3721BB0}.Debug|Any CPU.ActiveCfg = Debug|Any CPU
		{4421BCB2-8579-4574-B4AD-A10EF3721BB0}.Debug|Any CPU.Build.0 = Debug|Any CPU
		{4421BCB2-8579-4574-B4AD-A10EF3721BB0}.Release|Any CPU.ActiveCfg = Release|Any CPU
		{4421BCB2-8579-4574-B4AD-A10EF3721BB0}.Release|Any CPU.Build.0 = Release|Any CPU
	EndGlobalSection
	GlobalSection(SolutionProperties) = preSolution
		HideSolutionNode = FALSE
	EndGlobalSection
	GlobalSection(ExtensibilityGlobals) = postSolution
		SolutionGuid = {FA85F050-4080-4F5C-8B35-19693B672AEC}
	EndGlobalSection
EndGlobal
