
Microsoft Visual Studio Solution File, Format Version 12.00
# Visual Studio Version 16
VisualStudioVersion = 16.0.28705.295
MinimumVisualStudioVersion = 10.0.40219.1
Project("{9A19103F-16F7-4668-BE54-9A1E7A4F7556}") = "RxSockets", "RxSockets\RxSockets.csproj", "{FE7493C4-5CBB-440D-9BA2-A480E286BB3B}"
EndProject
Project("{9A19103F-16F7-4668-BE54-9A1E7A4F7556}") = "RxSockets.Tests", "RxSockets.Tests\RxSockets.Tests.csproj", "{B8E6BAFE-06C0-460E-B1CB-A48A7B087A31}"
EndProject
Project("{2150E333-8FDC-42A3-9474-1A3956D46DE8}") = "Solution Items", "Solution Items", "{3BD54ADD-5084-490E-95CC-F0AED74C2936}"
	ProjectSection(SolutionItems) = preProject
		appveyor.yml = appveyor.yml
		README.md = README.md
		~notes.txt = ~notes.txt
	EndProjectSection
EndProject
Global
	GlobalSection(SolutionConfigurationPlatforms) = preSolution
		Debug|Any CPU = Debug|Any CPU
		Release|Any CPU = Release|Any CPU
	EndGlobalSection
	GlobalSection(ProjectConfigurationPlatforms) = postSolution
		{FE7493C4-5CBB-440D-9BA2-A480E286BB3B}.Debug|Any CPU.ActiveCfg = Debug|Any CPU
		{FE7493C4-5CBB-440D-9BA2-A480E286BB3B}.Debug|Any CPU.Build.0 = Debug|Any CPU
		{FE7493C4-5CBB-440D-9BA2-A480E286BB3B}.Release|Any CPU.ActiveCfg = Release|Any CPU
		{FE7493C4-5CBB-440D-9BA2-A480E286BB3B}.Release|Any CPU.Build.0 = Release|Any CPU
		{B8E6BAFE-06C0-460E-B1CB-A48A7B087A31}.Debug|Any CPU.ActiveCfg = Debug|Any CPU
		{B8E6BAFE-06C0-460E-B1CB-A48A7B087A31}.Debug|Any CPU.Build.0 = Debug|Any CPU
		{B8E6BAFE-06C0-460E-B1CB-A48A7B087A31}.Release|Any CPU.ActiveCfg = Release|Any CPU
		{B8E6BAFE-06C0-460E-B1CB-A48A7B087A31}.Release|Any CPU.Build.0 = Release|Any CPU
	EndGlobalSection
	GlobalSection(SolutionProperties) = preSolution
		HideSolutionNode = FALSE
	EndGlobalSection
	GlobalSection(ExtensibilityGlobals) = postSolution
		SolutionGuid = {FA85F050-4080-4F5C-8B35-19693B672AEC}
	EndGlobalSection
EndGlobal
