
Microsoft Visual Studio Solution File, Format Version 12.00
# Visual Studio Version 16
VisualStudioVersion = 16.0.28705.295
MinimumVisualStudioVersion = 10.0.40219.1
Project("{9A19103F-16F7-4668-BE54-9A1E7A4F7556}") = "RxSockets", "RxSockets\RxSockets.csproj", "{FE7493C4-5CBB-440D-9BA2-A480E286BB3B}"
EndProject
Project("{2150E333-8FDC-42A3-9474-1A3956D46DE8}") = "Solution Items", "Solution Items", "{3BD54ADD-5084-490E-95CC-F0AED74C2936}"
	ProjectSection(SolutionItems) = preProject
		appveyor.yml = appveyor.yml
		~\notes.txt = ~\notes.txt
		README.md = README.md
		update.ps1 = update.ps1
	EndProjectSection
EndProject
Project("{9A19103F-16F7-4668-BE54-9A1E7A4F7556}") = "RxSockets.Tests", "RxSockets.Tests\RxSockets.Tests.csproj", "{B84F0916-D034-4CBD-8EA3-9B934F5D398D}"
EndProject
Global
	GlobalSection(SolutionConfigurationPlatforms) = preSolution
		Debug|Any CPU = Debug|Any CPU
		Debug|x64 = Debug|x64
		Release|Any CPU = Release|Any CPU
		Release|x64 = Release|x64
	EndGlobalSection
	GlobalSection(ProjectConfigurationPlatforms) = postSolution
		{FE7493C4-5CBB-440D-9BA2-A480E286BB3B}.Debug|Any CPU.ActiveCfg = Debug|Any CPU
		{FE7493C4-5CBB-440D-9BA2-A480E286BB3B}.Debug|Any CPU.Build.0 = Debug|Any CPU
		{FE7493C4-5CBB-440D-9BA2-A480E286BB3B}.Debug|x64.ActiveCfg = Debug|Any CPU
		{FE7493C4-5CBB-440D-9BA2-A480E286BB3B}.Debug|x64.Build.0 = Debug|Any CPU
		{FE7493C4-5CBB-440D-9BA2-A480E286BB3B}.Release|Any CPU.ActiveCfg = Release|Any CPU
		{FE7493C4-5CBB-440D-9BA2-A480E286BB3B}.Release|Any CPU.Build.0 = Release|Any CPU
		{FE7493C4-5CBB-440D-9BA2-A480E286BB3B}.Release|x64.ActiveCfg = Release|x64
		{FE7493C4-5CBB-440D-9BA2-A480E286BB3B}.Release|x64.Build.0 = Release|x64
		{B84F0916-D034-4CBD-8EA3-9B934F5D398D}.Debug|Any CPU.ActiveCfg = Debug|Any CPU
		{B84F0916-D034-4CBD-8EA3-9B934F5D398D}.Debug|Any CPU.Build.0 = Debug|Any CPU
		{B84F0916-D034-4CBD-8EA3-9B934F5D398D}.Debug|x64.ActiveCfg = Debug|Any CPU
		{B84F0916-D034-4CBD-8EA3-9B934F5D398D}.Debug|x64.Build.0 = Debug|Any CPU
		{B84F0916-D034-4CBD-8EA3-9B934F5D398D}.Release|Any CPU.ActiveCfg = Release|Any CPU
		{B84F0916-D034-4CBD-8EA3-9B934F5D398D}.Release|Any CPU.Build.0 = Release|Any CPU
		{B84F0916-D034-4CBD-8EA3-9B934F5D398D}.Release|x64.ActiveCfg = Release|Any CPU
		{B84F0916-D034-4CBD-8EA3-9B934F5D398D}.Release|x64.Build.0 = Release|Any CPU
	EndGlobalSection
	GlobalSection(SolutionProperties) = preSolution
		HideSolutionNode = FALSE
	EndGlobalSection
	GlobalSection(ExtensibilityGlobals) = postSolution
		SolutionGuid = {FA85F050-4080-4F5C-8B35-19693B672AEC}
	EndGlobalSection
EndGlobal
